{
  "name": "WebDev-Intro",
  "lockfileVersion": 3,
  "requires": true,
  "packages": {
    "": {
      "dependencies": {
        "html5-qrcode": "^2.3.8",
        "pdf2image": "^1.2.3"
      }
    },
    "node_modules/html5-qrcode": {
      "version": "2.3.8",
      "resolved": "https://registry.npmjs.org/html5-qrcode/-/html5-qrcode-2.3.8.tgz",
      "integrity": "sha512-jsr4vafJhwoLVEDW3n1KvPnCCXWaQfRng0/EEYk1vNcQGcG/htAdhJX0be8YyqMoSz7+hZvOZSTAepsabiuhiQ=="
    },
    "node_modules/pdf2image": {
      "version": "1.2.3",
      "resolved": "https://registry.npmjs.org/pdf2image/-/pdf2image-1.2.3.tgz",
      "integrity": "sha512-jBSu3Vt2TZsI+fdGRDtkezduzyvuzayy2HPAYVf1vX6tHLAl/HBcXRo4/lD/NDMoa+XsMo5ZeUYF86Lkc+CtLQ=="
    }
  }
}
